<?xml version="1.0" encoding="utf-8"?>
<Project ToolsVersion="4.0" xmlns="http://schemas.microsoft.com/developer/msbuild/2003">
  <ItemGroup>
    <Filter Include="API Framework">
      <UniqueIdentifier>{5421cf98-3b63-4c2d-a357-395deae53705}</UniqueIdentifier>
    </Filter>
    <Filter Include="API Framework\stdafx">
      <UniqueIdentifier>{40e3cef6-bbc3-43dc-b929-a0df140c7b33}</UniqueIdentifier>
    </Filter>
    <Filter Include="API Framework\유틸">
      <UniqueIdentifier>{e8c941d4-080c-4f5f-9d7c-0b8b8bde16fe}</UniqueIdentifier>
    </Filter>
    <Filter Include="API Framework\게임노드">
      <UniqueIdentifier>{7ffd7e20-2267-4288-985c-2a65b3c8fc28}</UniqueIdentifier>
    </Filter>
    <Filter Include="API Framework\매니져">
      <UniqueIdentifier>{5cba5452-2eb9-4627-ad08-6a625d96cb00}</UniqueIdentifier>
    </Filter>
    <Filter Include="메인게임">
      <UniqueIdentifier>{bee8dd94-a6ee-4364-aeee-789da868c300}</UniqueIdentifier>
    </Filter>
    <Filter Include="API Framework\타이머">
      <UniqueIdentifier>{53577831-62c3-4a65-a811-3ddb89ca1e34}</UniqueIdentifier>
    </Filter>
    <Filter Include="API Framework\animation">
      <UniqueIdentifier>{24d8bb8f-111f-41d9-9215-41b4d3011bf4}</UniqueIdentifier>
    </Filter>
    <Filter Include="API Framework\매니져\씬">
      <UniqueIdentifier>{32e87b53-21ed-4f0a-bc8d-8e3db9602ec7}</UniqueIdentifier>
    </Filter>
    <Filter Include="API Framework\매니져\INI">
      <UniqueIdentifier>{dc8bc00a-9d1b-4630-80e0-8f4395ede1e7}</UniqueIdentifier>
    </Filter>
    <Filter Include="API Framework\매니져\이미지">
      <UniqueIdentifier>{a67e18e7-a368-4bb5-82fd-1cd9ac7d0a3e}</UniqueIdentifier>
    </Filter>
    <Filter Include="API Framework\매니져\키">
      <UniqueIdentifier>{46673d5d-1340-4053-91ae-1ebf7d8b4cb5}</UniqueIdentifier>
    </Filter>
    <Filter Include="API Framework\매니져\타임">
      <UniqueIdentifier>{86116a07-ce8c-4510-b651-ebb44e71214d}</UniqueIdentifier>
    </Filter>
    <Filter Include="API Framework\매니져\파일입출력">
      <UniqueIdentifier>{0ce9b0fe-1d39-4776-a406-d8af8895c017}</UniqueIdentifier>
    </Filter>
    <Filter Include="API Framework\로딩">
      <UniqueIdentifier>{f05a8e61-7351-40aa-9465-7456543af4af}</UniqueIdentifier>
    </Filter>
    <Filter Include="API Framework\매니져\사운드">
      <UniqueIdentifier>{0ac68111-4a53-4616-9d7b-fe027b282928}</UniqueIdentifier>
    </Filter>
    <Filter Include="API Framework\매니져\Json">
      <UniqueIdentifier>{a67edd88-2622-4ea2-ab0a-755681351c79}</UniqueIdentifier>
    </Filter>
    <Filter Include="API Framework\매니져\카메라">
      <UniqueIdentifier>{eb372f80-d93a-4a8a-9386-9bcaa5da849d}</UniqueIdentifier>
    </Filter>
    <Filter Include="메인게임\mainGame">
      <UniqueIdentifier>{79d69583-9fe5-41a6-a650-430f55c98495}</UniqueIdentifier>
    </Filter>
    <Filter Include="메인게임\Scene">
      <UniqueIdentifier>{51a14fa9-b68a-40f4-8507-283c32e24198}</UniqueIdentifier>
    </Filter>
    <Filter Include="DX Framework">
      <UniqueIdentifier>{869301da-e903-4d51-aabc-c6734c794e34}</UniqueIdentifier>
    </Filter>
    <Filter Include="DX Framework\util">
      <UniqueIdentifier>{9dc81c8c-571e-474e-a5cf-fad8d22b53db}</UniqueIdentifier>
    </Filter>
    <Filter Include="메인게임\Game Framework">
      <UniqueIdentifier>{4e0fd5fc-cd4c-436b-b323-1ee07d4aa4ab}</UniqueIdentifier>
    </Filter>
    <Filter Include="메인게임\Game Framework\Manager">
      <UniqueIdentifier>{63f92f2b-11a0-47be-ba52-676bc31e4dac}</UniqueIdentifier>
    </Filter>
    <Filter Include="메인게임\Game Framework\Manager\buff">
      <UniqueIdentifier>{25f8f6c2-3779-45ef-a96b-467397174f98}</UniqueIdentifier>
    </Filter>
    <Filter Include="메인게임\Game Framework\Manager\buff\base">
      <UniqueIdentifier>{3f77184d-4182-4346-8541-5ea67acf5d3f}</UniqueIdentifier>
    </Filter>
    <Filter Include="메인게임\Game Framework\Manager\skill">
      <UniqueIdentifier>{535b8a10-8f78-4958-bb60-311175ffc5c8}</UniqueIdentifier>
    </Filter>
    <Filter Include="메인게임\Game Framework\Manager\skill\base">
      <UniqueIdentifier>{314807f2-0511-4b23-90f6-e9c94698b1c4}</UniqueIdentifier>
    </Filter>
    <Filter Include="메인게임\Game Framework\Manager\pattern">
      <UniqueIdentifier>{72f93ea8-7ff0-45eb-9e6c-6bb98e2858d8}</UniqueIdentifier>
    </Filter>
    <Filter Include="메인게임\Game Framework\Manager\pattern\base">
      <UniqueIdentifier>{808fc1f2-87fa-40c7-9760-2da8ebd85840}</UniqueIdentifier>
    </Filter>
    <Filter Include="메인게임\Game Framework\Manager\skill\passiveSkill">
      <UniqueIdentifier>{ce46af12-4c33-4d42-8cc1-614802b5017b}</UniqueIdentifier>
    </Filter>
    <Filter Include="메인게임\Game Framework\Manager\skill\activeSkill">
      <UniqueIdentifier>{35be4324-5067-4b6a-99ad-fa7710ac95ca}</UniqueIdentifier>
    </Filter>
    <Filter Include="메인게임\Game Framework\Manager\animation">
      <UniqueIdentifier>{6db02a40-0502-4033-9a33-e7ad6822df16}</UniqueIdentifier>
    </Filter>
    <Filter Include="메인게임\Game Framework\Manager\render">
      <UniqueIdentifier>{4da0e541-57bb-498c-b5eb-2d7ab9726e9e}</UniqueIdentifier>
    </Filter>
    <Filter Include="메인게임\Game Framework\Manager\window">
      <UniqueIdentifier>{c49c4b58-3553-4bc0-9826-77fd070537c5}</UniqueIdentifier>
    </Filter>
    <Filter Include="메인게임\Game Framework\Manager\window\_base">
      <UniqueIdentifier>{6845af8c-0ff3-49c3-8be6-b64defcb4d3c}</UniqueIdentifier>
    </Filter>
    <Filter Include="메인게임\Game Framework\Manager\_sington">
      <UniqueIdentifier>{ae1fa0af-176f-49bc-a592-e2a70a11b864}</UniqueIdentifier>
    </Filter>
    <Filter Include="메인게임\Game Framework\Manager\_sington\gameSystem">
      <UniqueIdentifier>{d82b3dce-ec1f-4fac-a02b-b77c58e7cb84}</UniqueIdentifier>
    </Filter>
    <Filter Include="메인게임\Game Framework\Manager\field">
      <UniqueIdentifier>{2fc60543-7556-4d07-bf2e-3ea8dc591fc2}</UniqueIdentifier>
    </Filter>
    <Filter Include="메인게임\Game Framework\Manager\field\_base">
      <UniqueIdentifier>{7e78e380-657f-46e8-a948-ca4bbd2bf11b}</UniqueIdentifier>
    </Filter>
    <Filter Include="메인게임\Game Framework\Manager\quest">
      <UniqueIdentifier>{f838f851-b3d6-443e-8bd5-2f6cd0081a07}</UniqueIdentifier>
    </Filter>
    <Filter Include="메인게임\Game Framework\Manager\quest\base">
      <UniqueIdentifier>{f8b88701-2e8f-4247-bb86-a4f4b6784e19}</UniqueIdentifier>
    </Filter>
    <Filter Include="메인게임\Game Framework\Manager\quest\questObject">
      <UniqueIdentifier>{29f3672f-92a4-4619-a973-23733df4bac4}</UniqueIdentifier>
    </Filter>
    <Filter Include="메인게임\Game Framework\Manager\shop">
      <UniqueIdentifier>{5ea4a07a-8af8-46e2-ad43-c6dd3aea9efe}</UniqueIdentifier>
    </Filter>
    <Filter Include="메인게임\Game Framework\Manager\shop\_base">
      <UniqueIdentifier>{f7f38b34-ff72-4ef8-8170-81f2a3d3225a}</UniqueIdentifier>
    </Filter>
    <Filter Include="메인게임\Game Framework\object">
      <UniqueIdentifier>{843f9ec6-fa55-4519-a4d7-97b3bf1c869a}</UniqueIdentifier>
    </Filter>
    <Filter Include="메인게임\Game Framework\object\item">
      <UniqueIdentifier>{ed91bf44-6322-4183-aba2-c8638c8cf7e5}</UniqueIdentifier>
    </Filter>
    <Filter Include="메인게임\Game Framework\object\item\_base">
      <UniqueIdentifier>{490aaf0f-9788-4917-869a-97c4f231c466}</UniqueIdentifier>
    </Filter>
    <Filter Include="메인게임\Game Framework\object\NPC">
      <UniqueIdentifier>{1991bdfa-711d-4915-a350-df9106fb0189}</UniqueIdentifier>
    </Filter>
    <Filter Include="메인게임\Game Framework\object\NPC\NPCManager">
      <UniqueIdentifier>{d6815cf5-9baf-4497-8c0c-12d361921ac6}</UniqueIdentifier>
    </Filter>
    <Filter Include="메인게임\Game Framework\object\bullet">
      <UniqueIdentifier>{8508b19a-3db0-4228-9e09-fc22a583112c}</UniqueIdentifier>
    </Filter>
    <Filter Include="메인게임\Game Framework\object\bullet\_base">
      <UniqueIdentifier>{9c941031-4229-455c-ab23-758616e9f5fb}</UniqueIdentifier>
    </Filter>
    <Filter Include="메인게임\Game Framework\Manager\effect">
      <UniqueIdentifier>{1441841a-103e-495f-b751-f87ee74ec434}</UniqueIdentifier>
    </Filter>
    <Filter Include="메인게임\Game Framework\Manager\effect\_base">
      <UniqueIdentifier>{993b7965-a00d-4fb0-929a-2d155b9599bc}</UniqueIdentifier>
    </Filter>
    <Filter Include="메인게임\Game Framework\Manager\event">
      <UniqueIdentifier>{fff07e96-ea39-4112-8187-20caf2579d5b}</UniqueIdentifier>
    </Filter>
    <Filter Include="메인게임\Game Framework\Manager\event\_base">
      <UniqueIdentifier>{f13bfe91-3f81-499f-8823-97eaac722a61}</UniqueIdentifier>
    </Filter>
    <Filter Include="메인게임\Game Framework\object\_base">
      <UniqueIdentifier>{c2a378ba-29a4-4c8c-b9e4-d90b14370acf}</UniqueIdentifier>
    </Filter>
    <Filter Include="메인게임\Game Framework\object\_character">
      <UniqueIdentifier>{81f10eb2-0dd1-48fd-906a-f436f12166fe}</UniqueIdentifier>
    </Filter>
    <Filter Include="메인게임\Game Framework\object\_character\_base">
      <UniqueIdentifier>{055c4ff9-bb35-491d-826d-3bd1bbdcf67b}</UniqueIdentifier>
    </Filter>
    <Filter Include="메인게임\Game Framework\object\_character\enemy">
      <UniqueIdentifier>{b4338e02-f31a-4e30-8ace-20c8fe36e5ea}</UniqueIdentifier>
    </Filter>
    <Filter Include="메인게임\Game Framework\Manager\enemy">
      <UniqueIdentifier>{a9da7829-4ba5-43e4-912f-dc0cec8925ef}</UniqueIdentifier>
    </Filter>
    <Filter Include="메인게임\Game Framework\Manager\enemy\_base">
      <UniqueIdentifier>{f805eb79-5234-4c85-bd10-de2774cf0b8d}</UniqueIdentifier>
    </Filter>
    <Filter Include="메인게임\Game Framework\object\_character\enemy\_boss">
      <UniqueIdentifier>{d0157f3b-b368-49fd-99cf-e8c7a90a20eb}</UniqueIdentifier>
    </Filter>
    <Filter Include="메인게임\Game Framework\object\_character\enemy\enemies">
      <UniqueIdentifier>{7d47c25b-fa4d-454a-9355-39840bfeec68}</UniqueIdentifier>
    </Filter>
    <Filter Include="메인게임\Scene\test">
      <UniqueIdentifier>{368772c5-572b-4bf1-bbf3-9172fd5e35db}</UniqueIdentifier>
    </Filter>
    <Filter Include="메인게임\Game Framework\Manager\text">
      <UniqueIdentifier>{c861758a-3aa0-420a-8e14-68be36c4f850}</UniqueIdentifier>
    </Filter>
    <Filter Include="API Framework\매니져\이미지\direct">
      <UniqueIdentifier>{41cce586-91e0-4109-8535-80e9a6a1e21f}</UniqueIdentifier>
    </Filter>
    <Filter Include="메인게임\Scene\test\loading">
      <UniqueIdentifier>{a5477802-2aba-4400-880c-5a6b742865dc}</UniqueIdentifier>
    </Filter>
    <Filter Include="메인게임\Scene\test\pixel">
      <UniqueIdentifier>{cf15b6ae-e0ca-480d-82bb-72744c01e796}</UniqueIdentifier>
    </Filter>
    <Filter Include="메인게임\Scene\test\window">
      <UniqueIdentifier>{b28a4df2-4e52-4ea7-9889-fbfbca3402e4}</UniqueIdentifier>
    </Filter>
    <Filter Include="메인게임\Scene\test\button">
      <UniqueIdentifier>{78092c5e-646d-42da-9583-2181db270ef8}</UniqueIdentifier>
    </Filter>
    <Filter Include="메인게임\Game Framework\Manager\window\_button">
      <UniqueIdentifier>{f8ad0bc4-0173-4e80-b704-01f52011517a}</UniqueIdentifier>
    </Filter>
    <Filter Include="메인게임\Game Framework\Manager\window\_button\_base">
      <UniqueIdentifier>{c78512d1-0388-4158-90ad-f540d75d01c0}</UniqueIdentifier>
    </Filter>
    <Filter Include="메인게임\Game Framework\Manager\window\_button\_test">
      <UniqueIdentifier>{2872e89d-1d46-462c-bc35-e98fe2f3778d}</UniqueIdentifier>
    </Filter>
    <Filter Include="메인게임\Game Framework\Manager\window\status">
      <UniqueIdentifier>{fa7bfa71-83ba-41f8-8f82-134b92784563}</UniqueIdentifier>
    </Filter>
    <Filter Include="메인게임\Game Framework\Manager\window\status\_button">
      <UniqueIdentifier>{8635f76e-28bc-4132-806a-b17b2db66152}</UniqueIdentifier>
    </Filter>
    <Filter Include="메인게임\Game Framework\Manager\window\status\_button\statUp">
      <UniqueIdentifier>{20a730b0-4b49-47bc-8b3a-77e779f390d8}</UniqueIdentifier>
    </Filter>
    <Filter Include="메인게임\Game Framework\Manager\event\_test">
      <UniqueIdentifier>{71637455-87ac-43c5-b868-9d23926d9729}</UniqueIdentifier>
    </Filter>
    <Filter Include="메인게임\Game Framework\inventory">
      <UniqueIdentifier>{5cdbe08e-3dc6-408f-a0d0-b4379dc02b6c}</UniqueIdentifier>
    </Filter>
    <Filter Include="메인게임\Scene\test\player">
      <UniqueIdentifier>{1353263f-cec2-4479-ad32-6c158ebf8378}</UniqueIdentifier>
    </Filter>
    <Filter Include="메인게임\Game Framework\Manager\window\shop">
      <UniqueIdentifier>{b23b97a8-f57f-46a7-936d-0f4a39f1a1c9}</UniqueIdentifier>
    </Filter>
    <Filter Include="메인게임\Scene\test\shop">
      <UniqueIdentifier>{28e2d6c6-eb86-446f-8217-988d8decd3d5}</UniqueIdentifier>
    </Filter>
    <Filter Include="메인게임\Game Framework\Manager\item">
      <UniqueIdentifier>{67e8ebb4-9a61-4819-8ccf-fc2d27579403}</UniqueIdentifier>
    </Filter>
    <Filter Include="메인게임\Game Framework\Manager\event\_catcher">
      <UniqueIdentifier>{6b0b6a67-1f8b-4132-be16-204e3190f8b1}</UniqueIdentifier>
    </Filter>
    <Filter Include="메인게임\Game Framework\Manager\window\toolTip">
      <UniqueIdentifier>{af9557a4-d77c-4bb6-a49c-6e2ac93ad619}</UniqueIdentifier>
    </Filter>
    <Filter Include="메인게임\Game Framework\Manager\window\shop\_button">
      <UniqueIdentifier>{80fe77a4-fe3d-40de-af7c-59440c4666c7}</UniqueIdentifier>
    </Filter>
    <Filter Include="메인게임\Game Framework\Manager\window\_button\checkBox">
      <UniqueIdentifier>{70af5937-6349-4638-8b9d-08b606f80752}</UniqueIdentifier>
    </Filter>
    <Filter Include="메인게임\Scene\test\inventory">
      <UniqueIdentifier>{f9a3cfb1-58d0-4eef-b892-e29803cdf529}</UniqueIdentifier>
    </Filter>
  </ItemGroup>
  <ItemGroup>
    <ClCompile Include="winMain.cpp">
      <Filter>API Framework</Filter>
    </ClCompile>
    <ClCompile Include="stdafx.cpp">
      <Filter>API Framework\stdafx</Filter>
    </ClCompile>
    <ClCompile Include="gameNode.cpp">
      <Filter>API Framework\게임노드</Filter>
    </ClCompile>
    <ClCompile Include="camera.cpp">
      <Filter>API Framework\매니져\카메라</Filter>
    </ClCompile>
    <ClCompile Include="timer.cpp">
      <Filter>API Framework\타이머</Filter>
    </ClCompile>
    <ClCompile Include="sceneManager.cpp">
      <Filter>API Framework\매니져\씬</Filter>
    </ClCompile>
    <ClCompile Include="iniData.cpp">
      <Filter>API Framework\매니져\INI</Filter>
    </ClCompile>
    <ClCompile Include="animation.cpp">
      <Filter>API Framework\animation</Filter>
    </ClCompile>
    <ClCompile Include="keyManager.cpp">
      <Filter>API Framework\매니져\키</Filter>
    </ClCompile>
    <ClCompile Include="timeManager.cpp">
      <Filter>API Framework\매니져\타임</Filter>
    </ClCompile>
    <ClCompile Include="txtDataManager.cpp">
      <Filter>API Framework\매니져\파일입출력</Filter>
    </ClCompile>
    <ClCompile Include="loading.cpp">
      <Filter>API Framework\로딩</Filter>
    </ClCompile>
    <ClCompile Include="cameraManager.cpp">
      <Filter>API Framework\매니져\카메라</Filter>
    </ClCompile>
    <ClCompile Include="soundManager.cpp">
      <Filter>API Framework\매니져\사운드</Filter>
    </ClCompile>
    <ClCompile Include="JsonSaveLoader.cpp">
      <Filter>API Framework\매니져\Json</Filter>
    </ClCompile>
    <ClCompile Include="animationGroup.cpp">
      <Filter>API Framework\animation</Filter>
    </ClCompile>
    <ClCompile Include="imageManager.cpp">
      <Filter>API Framework\매니져\이미지\direct</Filter>
    </ClCompile>
    <ClCompile Include="mainGame.cpp">
      <Filter>메인게임\mainGame</Filter>
    </ClCompile>
    <ClCompile Include="image.cpp">
      <Filter>API Framework\매니져\이미지\direct</Filter>
    </ClCompile>
    <ClCompile Include="baseObject.cpp">
      <Filter>메인게임\Game Framework\object\_base</Filter>
    </ClCompile>
    <ClCompile Include="npcBase.cpp">
      <Filter>메인게임\Game Framework\object\NPC</Filter>
    </ClCompile>
    <ClCompile Include="npcManager.cpp">
      <Filter>메인게임\Game Framework\object\NPC\NPCManager</Filter>
    </ClCompile>
    <ClCompile Include="patternBase.cpp">
      <Filter>메인게임\Game Framework\Manager\pattern\base</Filter>
    </ClCompile>
    <ClCompile Include="buffBase.cpp">
      <Filter>메인게임\Game Framework\Manager\buff\base</Filter>
    </ClCompile>
    <ClCompile Include="skillBase.cpp">
      <Filter>메인게임\Game Framework\Manager\skill\base</Filter>
    </ClCompile>
    <ClCompile Include="buffManager.cpp">
      <Filter>메인게임\Game Framework\Manager\buff</Filter>
    </ClCompile>
    <ClCompile Include="skillManager.cpp">
      <Filter>메인게임\Game Framework\Manager\skill</Filter>
    </ClCompile>
    <ClCompile Include="patternManager.cpp">
      <Filter>메인게임\Game Framework\Manager\pattern</Filter>
    </ClCompile>
    <ClCompile Include="activeSkill.cpp">
      <Filter>메인게임\Game Framework\Manager\skill\activeSkill</Filter>
    </ClCompile>
    <ClCompile Include="passiveSkill.cpp">
      <Filter>메인게임\Game Framework\Manager\skill\passiveSkill</Filter>
    </ClCompile>
    <ClCompile Include="animationGroupManager.cpp">
      <Filter>메인게임\Game Framework\Manager\animation</Filter>
    </ClCompile>
    <ClCompile Include="renderManager.cpp">
      <Filter>메인게임\Game Framework\Manager\render</Filter>
    </ClCompile>
    <ClCompile Include="winManager.cpp">
      <Filter>메인게임\Game Framework\Manager\window</Filter>
    </ClCompile>
    <ClCompile Include="windowBase.cpp">
      <Filter>메인게임\Game Framework\Manager\window\_base</Filter>
    </ClCompile>
    <ClCompile Include="gameSystem.cpp">
      <Filter>메인게임\Game Framework\Manager\_sington\gameSystem</Filter>
    </ClCompile>
    <ClCompile Include="fieldBase.cpp">
      <Filter>메인게임\Game Framework\Manager\field\_base</Filter>
    </ClCompile>
    <ClCompile Include="fieldManager.cpp">
      <Filter>메인게임\Game Framework\Manager\field</Filter>
    </ClCompile>
    <ClCompile Include="itemBase.cpp">
      <Filter>메인게임\Game Framework\object\item\_base</Filter>
    </ClCompile>
    <ClCompile Include="loadingScene.cpp">
      <Filter>메인게임\Scene</Filter>
    </ClCompile>
    <ClCompile Include="charaterSelectScene.cpp">
      <Filter>메인게임\Scene</Filter>
    </ClCompile>
    <ClCompile Include="questManager.cpp">
      <Filter>메인게임\Game Framework\Manager\quest</Filter>
    </ClCompile>
    <ClCompile Include="questBase.cpp">
      <Filter>메인게임\Game Framework\Manager\quest\base</Filter>
    </ClCompile>
    <ClCompile Include="shopManager.cpp">
      <Filter>메인게임\Game Framework\Manager\shop</Filter>
    </ClCompile>
    <ClCompile Include="shopBase.cpp">
      <Filter>메인게임\Game Framework\Manager\shop\_base</Filter>
    </ClCompile>
    <ClCompile Include="characterBase.cpp">
      <Filter>메인게임\Game Framework\object\_character\_base</Filter>
    </ClCompile>
    <ClCompile Include="enemyBase.cpp">
      <Filter>메인게임\Game Framework\Manager\enemy\_base</Filter>
    </ClCompile>
    <ClCompile Include="bulletBase.cpp">
      <Filter>메인게임\Game Framework\object\bullet\_base</Filter>
    </ClCompile>
    <ClCompile Include="effectManager.cpp">
      <Filter>메인게임\Game Framework\Manager\effect</Filter>
    </ClCompile>
    <ClCompile Include="effectBase.cpp">
      <Filter>메인게임\Game Framework\Manager\effect\_base</Filter>
    </ClCompile>
    <ClCompile Include="eventManager.cpp">
      <Filter>메인게임\Game Framework\Manager\event</Filter>
    </ClCompile>
    <ClCompile Include="bossBase.cpp">
      <Filter>메인게임\Game Framework\object\_character\enemy\_boss</Filter>
    </ClCompile>
    <ClCompile Include="enemyManager.cpp">
      <Filter>메인게임\Game Framework\Manager\enemy</Filter>
    </ClCompile>
    <ClCompile Include="enemy_0000_snail.cpp">
      <Filter>메인게임\Game Framework\object\_character\enemy\enemies</Filter>
    </ClCompile>
    <ClCompile Include="textManager.cpp">
      <Filter>메인게임\Game Framework\Manager\text</Filter>
    </ClCompile>
    <ClCompile Include="sceneTestPixelCrash.cpp">
      <Filter>메인게임\Scene\test\pixel</Filter>
    </ClCompile>
    <ClCompile Include="sceneLoadingTest.cpp">
      <Filter>메인게임\Scene\test\loading</Filter>
    </ClCompile>
    <ClCompile Include="sceneTest.cpp">
      <Filter>메인게임\Scene\test\loading</Filter>
    </ClCompile>
    <ClCompile Include="sceneTest2.cpp">
      <Filter>메인게임\Scene\test\loading</Filter>
    </ClCompile>
    <ClCompile Include="sceneWindowTest.cpp">
      <Filter>메인게임\Scene\test\window</Filter>
    </ClCompile>
    <ClCompile Include="buttonWindowTest.cpp">
      <Filter>메인게임\Scene\test\button</Filter>
    </ClCompile>
    <ClCompile Include="buttonTest.cpp">
      <Filter>메인게임\Game Framework\Manager\window\_button\_test</Filter>
    </ClCompile>
    <ClCompile Include="buttonTest2.cpp">
      <Filter>메인게임\Game Framework\Manager\window\_button\_test</Filter>
    </ClCompile>
    <ClCompile Include="buttonTest3.cpp">
      <Filter>메인게임\Game Framework\Manager\window\_button\_test</Filter>
    </ClCompile>
    <ClCompile Include="settingButtonTest.cpp">
      <Filter>메인게임\Game Framework\Manager\window\_button\_test</Filter>
    </ClCompile>
    <ClCompile Include="btDetails.cpp">
      <Filter>메인게임\Game Framework\Manager\window\status\_button\statUp</Filter>
    </ClCompile>
    <ClCompile Include="btnStatUp.cpp">
      <Filter>메인게임\Game Framework\Manager\window\status\_button\statUp</Filter>
    </ClCompile>
    <ClCompile Include="event_0000_test.cpp">
      <Filter>메인게임\Game Framework\Manager\event\_test</Filter>
    </ClCompile>
    <ClCompile Include="inventory.cpp">
      <Filter>메인게임\Game Framework\inventory</Filter>
    </ClCompile>
    <ClCompile Include="player.cpp">
      <Filter>메인게임\Game Framework\object\_character</Filter>
    </ClCompile>
    <ClCompile Include="playerTestScene.cpp">
      <Filter>메인게임\Scene\test\player</Filter>
    </ClCompile>
    <ClCompile Include="windowShop.cpp">
      <Filter>메인게임\Game Framework\Manager\window\shop</Filter>
    </ClCompile>
    <ClCompile Include="itemManager.cpp">
      <Filter>메인게임\Game Framework\Manager\item</Filter>
    </ClCompile>
    <ClCompile Include="sceneTestShop.cpp">
      <Filter>메인게임\Scene\test\shop</Filter>
    </ClCompile>
    <ClCompile Include="eventCatcher.cpp">
      <Filter>메인게임\Game Framework\Manager\event\_catcher</Filter>
    </ClCompile>
    <ClCompile Include="windowToolTip.cpp">
      <Filter>메인게임\Game Framework\Manager\window\toolTip</Filter>
    </ClCompile>
    <ClCompile Include="buttonShop.cpp">
      <Filter>메인게임\Game Framework\Manager\window\shop\_button</Filter>
    </ClCompile>
    <ClCompile Include="buttonCheckBox.cpp">
      <Filter>메인게임\Game Framework\Manager\window\_button\checkBox</Filter>
    </ClCompile>
    <ClCompile Include="buttonInventory.cpp" />
    <ClCompile Include="sceneTestInventory.cpp" />
    <ClCompile Include="windowInventory.cpp" />
  </ItemGroup>
  <ItemGroup>
    <ClInclude Include="stdafx.h">
      <Filter>API Framework\stdafx</Filter>
    </ClInclude>
    <ClInclude Include="commonMacroFunction.h">
      <Filter>API Framework\유틸</Filter>
    </ClInclude>
    <ClInclude Include="randomFunction.h">
      <Filter>API Framework\유틸</Filter>
    </ClInclude>
    <ClInclude Include="gameNode.h">
      <Filter>API Framework\게임노드</Filter>
    </ClInclude>
    <ClInclude Include="triFunction.h">
      <Filter>API Framework\유틸</Filter>
    </ClInclude>
    <ClInclude Include="camera.h">
      <Filter>API Framework\매니져\카메라</Filter>
    </ClInclude>
    <ClInclude Include="utils.h">
      <Filter>API Framework\유틸</Filter>
    </ClInclude>
    <ClInclude Include="timer.h">
      <Filter>API Framework\타이머</Filter>
    </ClInclude>
    <ClInclude Include="sceneManager.h">
      <Filter>API Framework\매니져\씬</Filter>
    </ClInclude>
    <ClInclude Include="iniData.h">
      <Filter>API Framework\매니져\INI</Filter>
    </ClInclude>
    <ClInclude Include="animation.h">
      <Filter>API Framework\animation</Filter>
    </ClInclude>
    <ClInclude Include="keyManager.h">
      <Filter>API Framework\매니져\키</Filter>
    </ClInclude>
    <ClInclude Include="timeManager.h">
      <Filter>API Framework\매니져\타임</Filter>
    </ClInclude>
    <ClInclude Include="txtDataManager.h">
      <Filter>API Framework\매니져\파일입출력</Filter>
    </ClInclude>
    <ClInclude Include="loading.h">
      <Filter>API Framework\로딩</Filter>
    </ClInclude>
    <ClInclude Include="cameraManager.h">
      <Filter>API Framework\매니져\카메라</Filter>
    </ClInclude>
    <ClInclude Include="soundManager.h">
      <Filter>API Framework\매니져\사운드</Filter>
    </ClInclude>
    <ClInclude Include="JsonSaveLoader.h">
      <Filter>API Framework\매니져\Json</Filter>
    </ClInclude>
    <ClInclude Include="animationGroup.h">
      <Filter>API Framework\animation</Filter>
    </ClInclude>
    <ClInclude Include="imageManager.h">
      <Filter>API Framework\매니져\이미지\direct</Filter>
    </ClInclude>
    <ClInclude Include="singletonBase.h">
      <Filter>API Framework\매니져</Filter>
    </ClInclude>
    <ClInclude Include="mainGame.h">
      <Filter>메인게임\mainGame</Filter>
    </ClInclude>
    <ClInclude Include="image.h">
      <Filter>API Framework\매니져\이미지\direct</Filter>
    </ClInclude>
    <ClInclude Include="baseObject.h">
      <Filter>메인게임\Game Framework\object\_base</Filter>
    </ClInclude>
    <ClInclude Include="objectDef.h">
      <Filter>메인게임\Game Framework\object\_base</Filter>
    </ClInclude>
    <ClInclude Include="itemDef.h">
      <Filter>메인게임\Game Framework\object\_base</Filter>
    </ClInclude>
    <ClInclude Include="classesDef.h">
      <Filter>메인게임\Game Framework\object\_base</Filter>
    </ClInclude>
    <ClInclude Include="npcBase.h">
      <Filter>메인게임\Game Framework\object\NPC</Filter>
    </ClInclude>
    <ClInclude Include="npcManager.h">
      <Filter>메인게임\Game Framework\object\NPC\NPCManager</Filter>
    </ClInclude>
    <ClInclude Include="patternBase.h">
      <Filter>메인게임\Game Framework\Manager\pattern\base</Filter>
    </ClInclude>
    <ClInclude Include="buffBase.h">
      <Filter>메인게임\Game Framework\Manager\buff\base</Filter>
    </ClInclude>
    <ClInclude Include="skillBase.h">
      <Filter>메인게임\Game Framework\Manager\skill\base</Filter>
    </ClInclude>
    <ClInclude Include="state.h">
      <Filter>메인게임\Game Framework\object\_character</Filter>
    </ClInclude>
    <ClInclude Include="buffManager.h">
      <Filter>메인게임\Game Framework\Manager\buff</Filter>
    </ClInclude>
    <ClInclude Include="skillManager.h">
      <Filter>메인게임\Game Framework\Manager\skill</Filter>
    </ClInclude>
    <ClInclude Include="patternManager.h">
      <Filter>메인게임\Game Framework\Manager\pattern</Filter>
    </ClInclude>
    <ClInclude Include="activeSkill.h">
      <Filter>메인게임\Game Framework\Manager\skill\activeSkill</Filter>
    </ClInclude>
    <ClInclude Include="passiveSkill.h">
      <Filter>메인게임\Game Framework\Manager\skill\passiveSkill</Filter>
    </ClInclude>
    <ClInclude Include="animationGroupManager.h">
      <Filter>메인게임\Game Framework\Manager\animation</Filter>
    </ClInclude>
    <ClInclude Include="renderManager.h">
      <Filter>메인게임\Game Framework\Manager\render</Filter>
    </ClInclude>
    <ClInclude Include="winManager.h">
      <Filter>메인게임\Game Framework\Manager\window</Filter>
    </ClInclude>
    <ClInclude Include="gameSystem.h">
      <Filter>메인게임\Game Framework\Manager\_sington\gameSystem</Filter>
    </ClInclude>
    <ClInclude Include="fieldBase.h">
      <Filter>메인게임\Game Framework\Manager\field\_base</Filter>
    </ClInclude>
    <ClInclude Include="fieldManager.h">
      <Filter>메인게임\Game Framework\Manager\field</Filter>
    </ClInclude>
    <ClInclude Include="loadingScene.h">
      <Filter>메인게임\Scene</Filter>
    </ClInclude>
    <ClInclude Include="charaterSelectScene.h">
      <Filter>메인게임\Scene</Filter>
    </ClInclude>
    <ClInclude Include="itemBase.h">
      <Filter>메인게임\Game Framework\object\item\_base</Filter>
    </ClInclude>
    <ClInclude Include="questManager.h">
      <Filter>메인게임\Game Framework\Manager\quest</Filter>
    </ClInclude>
    <ClInclude Include="questBase.h">
      <Filter>메인게임\Game Framework\Manager\quest\base</Filter>
    </ClInclude>
    <ClInclude Include="shopManager.h">
      <Filter>메인게임\Game Framework\Manager\shop</Filter>
    </ClInclude>
    <ClInclude Include="shopBase.h">
      <Filter>메인게임\Game Framework\Manager\shop\_base</Filter>
    </ClInclude>
    <ClInclude Include="characterBase.h">
      <Filter>메인게임\Game Framework\object\_character\_base</Filter>
    </ClInclude>
    <ClInclude Include="enemyBase.h">
      <Filter>메인게임\Game Framework\Manager\enemy\_base</Filter>
    </ClInclude>
    <ClInclude Include="bulletBase.h">
      <Filter>메인게임\Game Framework\object\bullet\_base</Filter>
    </ClInclude>
    <ClInclude Include="effectManager.h">
      <Filter>메인게임\Game Framework\Manager\effect</Filter>
    </ClInclude>
    <ClInclude Include="eventBase.h">
      <Filter>메인게임\Game Framework\Manager\event\_base</Filter>
    </ClInclude>
    <ClInclude Include="eventManager.h">
      <Filter>메인게임\Game Framework\Manager\event</Filter>
    </ClInclude>
    <ClInclude Include="bossBase.h">
      <Filter>메인게임\Game Framework\object\_character\enemy\_boss</Filter>
    </ClInclude>
    <ClInclude Include="enemyDef.h">
      <Filter>메인게임\Game Framework\Manager\enemy\_base</Filter>
    </ClInclude>
    <ClInclude Include="enemyManager.h">
      <Filter>메인게임\Game Framework\Manager\enemy</Filter>
    </ClInclude>
    <ClInclude Include="enemy_0000_snail.h">
      <Filter>메인게임\Game Framework\object\_character\enemy\enemies</Filter>
    </ClInclude>
    <ClInclude Include="enemyList.h">
      <Filter>메인게임\Game Framework\Manager\enemy\_base</Filter>
    </ClInclude>
    <ClInclude Include="textManager.h">
      <Filter>메인게임\Game Framework\Manager\text</Filter>
    </ClInclude>
    <ClInclude Include="sceneTestPixelCrash.h">
      <Filter>메인게임\Scene\test\pixel</Filter>
    </ClInclude>
    <ClInclude Include="buttonBase.h">
      <Filter>메인게임\Game Framework\Manager\window\_button\_base</Filter>
    </ClInclude>
    <ClInclude Include="sceneLoadingTest.h">
      <Filter>메인게임\Scene\test\loading</Filter>
    </ClInclude>
    <ClInclude Include="sceneTest.h">
      <Filter>메인게임\Scene\test\loading</Filter>
    </ClInclude>
    <ClInclude Include="sceneTest2.h">
      <Filter>메인게임\Scene\test\loading</Filter>
    </ClInclude>
    <ClInclude Include="sceneWindowTest.h">
      <Filter>메인게임\Scene\test\window</Filter>
    </ClInclude>
    <ClInclude Include="buttonWindowTest.h">
      <Filter>메인게임\Scene\test\button</Filter>
    </ClInclude>
    <ClInclude Include="buttonTest.h">
      <Filter>메인게임\Game Framework\Manager\window\_button\_test</Filter>
    </ClInclude>
    <ClInclude Include="buttonTest2.h">
      <Filter>메인게임\Game Framework\Manager\window\_button\_test</Filter>
    </ClInclude>
    <ClInclude Include="buttonTest3.h">
      <Filter>메인게임\Game Framework\Manager\window\_button\_test</Filter>
    </ClInclude>
    <ClInclude Include="settingButtonTest.h">
      <Filter>메인게임\Game Framework\Manager\window\_button\_test</Filter>
    </ClInclude>
    <ClInclude Include="btDetails.h">
      <Filter>메인게임\Game Framework\Manager\window\status\_button\statUp</Filter>
    </ClInclude>
    <ClInclude Include="btnStatUp.h">
      <Filter>메인게임\Game Framework\Manager\window\status\_button\statUp</Filter>
    </ClInclude>
    <ClInclude Include="windowStatus.h">
      <Filter>메인게임\Game Framework\Manager\window\status</Filter>
    </ClInclude>
    <ClInclude Include="eventDef.h">
      <Filter>메인게임\Game Framework\Manager\event\_base</Filter>
    </ClInclude>
    <ClInclude Include="eventList.h">
      <Filter>메인게임\Game Framework\Manager\event\_base</Filter>
    </ClInclude>
    <ClInclude Include="event_0000_test.h">
      <Filter>메인게임\Game Framework\Manager\event\_test</Filter>
    </ClInclude>
    <ClInclude Include="inventory.h">
      <Filter>메인게임\Game Framework\inventory</Filter>
    </ClInclude>
    <ClInclude Include="player.h">
      <Filter>메인게임\Game Framework\object\_character</Filter>
    </ClInclude>
    <ClInclude Include="playerTestScene.h">
      <Filter>메인게임\Scene\test\player</Filter>
    </ClInclude>
    <ClInclude Include="itemManager.h">
      <Filter>메인게임\Game Framework\Manager\item</Filter>
    </ClInclude>
    <ClInclude Include="sceneTestShop.h">
      <Filter>메인게임\Scene\test\shop</Filter>
    </ClInclude>
    <ClInclude Include="eventCatcher.h">
      <Filter>메인게임\Game Framework\Manager\event\_catcher</Filter>
    </ClInclude>
    <ClInclude Include="windowToolTip.h">
      <Filter>메인게임\Game Framework\Manager\window\toolTip</Filter>
    </ClInclude>
    <ClInclude Include="effectBase.h">
      <Filter>메인게임\Game Framework\Manager\effect\_base</Filter>
    </ClInclude>
    <ClInclude Include="buttonShop.h">
      <Filter>메인게임\Game Framework\Manager\window\shop\_button</Filter>
    </ClInclude>
    <ClInclude Include="buttonCheckBox.h">
      <Filter>메인게임\Game Framework\Manager\window\_button\checkBox</Filter>
    </ClInclude>
    <ClInclude Include="windowBase.h">
      <Filter>메인게임\Game Framework\Manager\window\_base</Filter>
    </ClInclude>
    <ClInclude Include="windowShop.h">
      <Filter>메인게임\Game Framework\Manager\window\shop</Filter>
    </ClInclude>
    <ClInclude Include="buttonInventory.h" />
    <ClInclude Include="sceneTestInventory.h" />
    <ClInclude Include="windowInventory.h" />
  </ItemGroup>
  <ItemGroup>
    <None Include="quest.Json">
      <Filter>메인게임\Game Framework\Manager\quest\questObject</Filter>
    </None>
    <None Include="questList.Json">
      <Filter>메인게임\Game Framework\Manager\quest</Filter>
    </None>
  </ItemGroup>
</Project>